github.com/gorilla/websocket v1.5.3 h1:saDtZ6Pbx/0u+bgYQ3q96pZgCzfhKXGPqt7kZ72aNNg=
github.com/gorilla/websocket v1.5.3/go.mod h1:YR8l580nyteQvAITg2hZ9XVh4b55+EU/adAjf1fMHhE=
github.com/odvcencio/gotreesitter v0.15.1 h1:wEjidfzPM2Al95tXtKZfvtyWKZdYXLcjjFCL3my38tI=
github.com/odvcencio/gotreesitter v0.15.1/go.mod h1:Sx+iYJBfw5xSWkSttLSuFvguJctlH+ma1BTxZ0MPCqo=
github.com/odvcencio/turboquant v0.1.0 h1:4dk7zt+T3Lu+jhqzTVQvFj77mrgDZ+ZzYIY5sUaz+qo=
github.com/odvcencio/turboquant v0.1.0/go.mod h1:ty5h3EkX85p64iBnvWzUGvDuRr6kplOcCE2KBZLtAf8=
